
Microsoft Visual Studio Solution File, Format Version 12.00
# Visual Studio 15
VisualStudioVersion = 15.0.28307.329
MinimumVisualStudioVersion = 10.0.40219.1
Project("{FAE04EC0-301F-11D3-BF4B-00C04F79EFBC}") = "RestAPI", "RestAPI\RestAPI.csproj", "{E3697EE4-2D9E-44A5-9A77-B181836E87F2}"
EndProject
Global
	GlobalSection(SolutionConfigurationPlatforms) = preSolution
		Debug|Any CPU = Debug|Any CPU
		Release|Any CPU = Release|Any CPU
	EndGlobalSection
	GlobalSection(ProjectConfigurationPlatforms) = postSolution
		{E3697EE4-2D9E-44A5-9A77-B181836E87F2}.Debug|Any CPU.ActiveCfg = Debug|Any CPU
		{E3697EE4-2D9E-44A5-9A77-B181836E87F2}.Debug|Any CPU.Build.0 = Debug|Any CPU
		{E3697EE4-2D9E-44A5-9A77-B181836E87F2}.Release|Any CPU.ActiveCfg = Release|Any CPU
		{E3697EE4-2D9E-44A5-9A77-B181836E87F2}.Release|Any CPU.Build.0 = Release|Any CPU
	EndGlobalSection
	GlobalSection(SolutionProperties) = preSolution
		HideSolutionNode = FALSE
	EndGlobalSection
	GlobalSection(ExtensibilityGlobals) = postSolution
		SolutionGuid = {465A3DD6-B34C-4765-82B9-4E343876FF9B}
	EndGlobalSection
EndGlobal
