
Microsoft Visual Studio Solution File, Format Version 12.00
# Visual Studio 14
VisualStudioVersion = 14.0.25420.1
MinimumVisualStudioVersion = 10.0.40219.1
Project("{FAE04EC0-301F-11D3-BF4B-00C04F79EFBC}") = "XF_PrevisaoTempo.Android", "XF_PrevisaoTempo\XF_PrevisaoTempo.Android\XF_PrevisaoTempo.Android.csproj", "{CB328F1A-0E22-4A71-AEA6-31F613C3863F}"
EndProject
Project("{FAE04EC0-301F-11D3-BF4B-00C04F79EFBC}") = "XF_PrevisaoTempo", "XF_PrevisaoTempo\XF_PrevisaoTempo\XF_PrevisaoTempo.csproj", "{0CB4D0F8-7880-4F99-A6B0-CE4266C2EB7D}"
EndProject
Project("{FAE04EC0-301F-11D3-BF4B-00C04F79EFBC}") = "XF_PrevisaoTempo.UWP", "XF_PrevisaoTempo\XF_PrevisaoTempo.UWP\XF_PrevisaoTempo.UWP.csproj", "{F40E2F20-A1FD-45B1-9E81-9E11E83BB9CE}"
EndProject
Project("{FAE04EC0-301F-11D3-BF4B-00C04F79EFBC}") = "XF_PrevisaoTempo.iOS", "XF_PrevisaoTempo\XF_PrevisaoTempo.iOS\XF_PrevisaoTempo.iOS.csproj", "{71D6514C-1362-4CBC-9E58-301D8354556D}"
EndProject
Global
	GlobalSection(SolutionConfigurationPlatforms) = preSolution
		Ad-Hoc|Any CPU = Ad-Hoc|Any CPU
		Ad-Hoc|ARM = Ad-Hoc|ARM
		Ad-Hoc|iPhone = Ad-Hoc|iPhone
		Ad-Hoc|iPhoneSimulator = Ad-Hoc|iPhoneSimulator
		Ad-Hoc|x64 = Ad-Hoc|x64
		Ad-Hoc|x86 = Ad-Hoc|x86
		AppStore|Any CPU = AppStore|Any CPU
		AppStore|ARM = AppStore|ARM
		AppStore|iPhone = AppStore|iPhone
		AppStore|iPhoneSimulator = AppStore|iPhoneSimulator
		AppStore|x64 = AppStore|x64
		AppStore|x86 = AppStore|x86
		Debug|Any CPU = Debug|Any CPU
		Debug|ARM = Debug|ARM
		Debug|iPhone = Debug|iPhone
		Debug|iPhoneSimulator = Debug|iPhoneSimulator
		Debug|x64 = Debug|x64
		Debug|x86 = Debug|x86
		Release|Any CPU = Release|Any CPU
		Release|ARM = Release|ARM
		Release|iPhone = Release|iPhone
		Release|iPhoneSimulator = Release|iPhoneSimulator
		Release|x64 = Release|x64
		Release|x86 = Release|x86
	EndGlobalSection
	GlobalSection(ProjectConfigurationPlatforms) = postSolution
		{CB328F1A-0E22-4A71-AEA6-31F613C3863F}.Ad-Hoc|Any CPU.ActiveCfg = Release|Any CPU
		{CB328F1A-0E22-4A71-AEA6-31F613C3863F}.Ad-Hoc|Any CPU.Build.0 = Release|Any CPU
		{CB328F1A-0E22-4A71-AEA6-31F613C3863F}.Ad-Hoc|Any CPU.Deploy.0 = Release|Any CPU
		{CB328F1A-0E22-4A71-AEA6-31F613C3863F}.Ad-Hoc|ARM.ActiveCfg = Release|Any CPU
		{CB328F1A-0E22-4A71-AEA6-31F613C3863F}.Ad-Hoc|ARM.Build.0 = Release|Any CPU
		{CB328F1A-0E22-4A71-AEA6-31F613C3863F}.Ad-Hoc|ARM.Deploy.0 = Release|Any CPU
		{CB328F1A-0E22-4A71-AEA6-31F613C3863F}.Ad-Hoc|iPhone.ActiveCfg = Release|Any CPU
		{CB328F1A-0E22-4A71-AEA6-31F613C3863F}.Ad-Hoc|iPhone.Build.0 = Release|Any CPU
		{CB328F1A-0E22-4A71-AEA6-31F613C3863F}.Ad-Hoc|iPhone.Deploy.0 = Release|Any CPU
		{CB328F1A-0E22-4A71-AEA6-31F613C3863F}.Ad-Hoc|iPhoneSimulator.ActiveCfg = Release|Any CPU
		{CB328F1A-0E22-4A71-AEA6-31F613C3863F}.Ad-Hoc|iPhoneSimulator.Build.0 = Release|Any CPU
		{CB328F1A-0E22-4A71-AEA6-31F613C3863F}.Ad-Hoc|iPhoneSimulator.Deploy.0 = Release|Any CPU
		{CB328F1A-0E22-4A71-AEA6-31F613C3863F}.Ad-Hoc|x64.ActiveCfg = Release|Any CPU
		{CB328F1A-0E22-4A71-AEA6-31F613C3863F}.Ad-Hoc|x64.Build.0 = Release|Any CPU
		{CB328F1A-0E22-4A71-AEA6-31F613C3863F}.Ad-Hoc|x64.Deploy.0 = Release|Any CPU
		{CB328F1A-0E22-4A71-AEA6-31F613C3863F}.Ad-Hoc|x86.ActiveCfg = Release|Any CPU
		{CB328F1A-0E22-4A71-AEA6-31F613C3863F}.Ad-Hoc|x86.Build.0 = Release|Any CPU
		{CB328F1A-0E22-4A71-AEA6-31F613C3863F}.Ad-Hoc|x86.Deploy.0 = Release|Any CPU
		{CB328F1A-0E22-4A71-AEA6-31F613C3863F}.AppStore|Any CPU.ActiveCfg = Release|Any CPU
		{CB328F1A-0E22-4A71-AEA6-31F613C3863F}.AppStore|Any CPU.Build.0 = Release|Any CPU
		{CB328F1A-0E22-4A71-AEA6-31F613C3863F}.AppStore|Any CPU.Deploy.0 = Release|Any CPU
		{CB328F1A-0E22-4A71-AEA6-31F613C3863F}.AppStore|ARM.ActiveCfg = Release|Any CPU
		{CB328F1A-0E22-4A71-AEA6-31F613C3863F}.AppStore|ARM.Build.0 = Release|Any CPU
		{CB328F1A-0E22-4A71-AEA6-31F613C3863F}.AppStore|ARM.Deploy.0 = Release|Any CPU
		{CB328F1A-0E22-4A71-AEA6-31F613C3863F}.AppStore|iPhone.ActiveCfg = Release|Any CPU
		{CB328F1A-0E22-4A71-AEA6-31F613C3863F}.AppStore|iPhone.Build.0 = Release|Any CPU
		{CB328F1A-0E22-4A71-AEA6-31F613C3863F}.AppStore|iPhone.Deploy.0 = Release|Any CPU
		{CB328F1A-0E22-4A71-AEA6-31F613C3863F}.AppStore|iPhoneSimulator.ActiveCfg = Release|Any CPU
		{CB328F1A-0E22-4A71-AEA6-31F613C3863F}.AppStore|iPhoneSimulator.Build.0 = Release|Any CPU
		{CB328F1A-0E22-4A71-AEA6-31F613C3863F}.AppStore|iPhoneSimulator.Deploy.0 = Release|Any CPU
		{CB328F1A-0E22-4A71-AEA6-31F613C3863F}.AppStore|x64.ActiveCfg = Release|Any CPU
		{CB328F1A-0E22-4A71-AEA6-31F613C3863F}.AppStore|x64.Build.0 = Release|Any CPU
		{CB328F1A-0E22-4A71-AEA6-31F613C3863F}.AppStore|x64.Deploy.0 = Release|Any CPU
		{CB328F1A-0E22-4A71-AEA6-31F613C3863F}.AppStore|x86.ActiveCfg = Release|Any CPU
		{CB328F1A-0E22-4A71-AEA6-31F613C3863F}.AppStore|x86.Build.0 = Release|Any CPU
		{CB328F1A-0E22-4A71-AEA6-31F613C3863F}.AppStore|x86.Deploy.0 = Release|Any CPU
		{CB328F1A-0E22-4A71-AEA6-31F613C3863F}.Debug|Any CPU.ActiveCfg = Debug|Any CPU
		{CB328F1A-0E22-4A71-AEA6-31F613C3863F}.Debug|Any CPU.Build.0 = Debug|Any CPU
		{CB328F1A-0E22-4A71-AEA6-31F613C3863F}.Debug|Any CPU.Deploy.0 = Debug|Any CPU
		{CB328F1A-0E22-4A71-AEA6-31F613C3863F}.Debug|ARM.ActiveCfg = Debug|Any CPU
		{CB328F1A-0E22-4A71-AEA6-31F613C3863F}.Debug|ARM.Build.0 = Debug|Any CPU
		{CB328F1A-0E22-4A71-AEA6-31F613C3863F}.Debug|ARM.Deploy.0 = Debug|Any CPU
		{CB328F1A-0E22-4A71-AEA6-31F613C3863F}.Debug|iPhone.ActiveCfg = Debug|Any CPU
		{CB328F1A-0E22-4A71-AEA6-31F613C3863F}.Debug|iPhone.Build.0 = Debug|Any CPU
		{CB328F1A-0E22-4A71-AEA6-31F613C3863F}.Debug|iPhone.Deploy.0 = Debug|Any CPU
		{CB328F1A-0E22-4A71-AEA6-31F613C3863F}.Debug|iPhoneSimulator.ActiveCfg = Debug|Any CPU
		{CB328F1A-0E22-4A71-AEA6-31F613C3863F}.Debug|iPhoneSimulator.Build.0 = Debug|Any CPU
		{CB328F1A-0E22-4A71-AEA6-31F613C3863F}.Debug|iPhoneSimulator.Deploy.0 = Debug|Any CPU
		{CB328F1A-0E22-4A71-AEA6-31F613C3863F}.Debug|x64.ActiveCfg = Debug|Any CPU
		{CB328F1A-0E22-4A71-AEA6-31F613C3863F}.Debug|x64.Build.0 = Debug|Any CPU
		{CB328F1A-0E22-4A71-AEA6-31F613C3863F}.Debug|x64.Deploy.0 = Debug|Any CPU
		{CB328F1A-0E22-4A71-AEA6-31F613C3863F}.Debug|x86.ActiveCfg = Debug|Any CPU
		{CB328F1A-0E22-4A71-AEA6-31F613C3863F}.Debug|x86.Build.0 = Debug|Any CPU
		{CB328F1A-0E22-4A71-AEA6-31F613C3863F}.Debug|x86.Deploy.0 = Debug|Any CPU
		{CB328F1A-0E22-4A71-AEA6-31F613C3863F}.Release|Any CPU.ActiveCfg = Release|Any CPU
		{CB328F1A-0E22-4A71-AEA6-31F613C3863F}.Release|Any CPU.Build.0 = Release|Any CPU
		{CB328F1A-0E22-4A71-AEA6-31F613C3863F}.Release|Any CPU.Deploy.0 = Release|Any CPU
		{CB328F1A-0E22-4A71-AEA6-31F613C3863F}.Release|ARM.ActiveCfg = Release|Any CPU
		{CB328F1A-0E22-4A71-AEA6-31F613C3863F}.Release|ARM.Build.0 = Release|Any CPU
		{CB328F1A-0E22-4A71-AEA6-31F613C3863F}.Release|ARM.Deploy.0 = Release|Any CPU
		{CB328F1A-0E22-4A71-AEA6-31F613C3863F}.Release|iPhone.ActiveCfg = Release|Any CPU
		{CB328F1A-0E22-4A71-AEA6-31F613C3863F}.Release|iPhone.Build.0 = Release|Any CPU
		{CB328F1A-0E22-4A71-AEA6-31F613C3863F}.Release|iPhone.Deploy.0 = Release|Any CPU
		{CB328F1A-0E22-4A71-AEA6-31F613C3863F}.Release|iPhoneSimulator.ActiveCfg = Release|Any CPU
		{CB328F1A-0E22-4A71-AEA6-31F613C3863F}.Release|iPhoneSimulator.Build.0 = Release|Any CPU
		{CB328F1A-0E22-4A71-AEA6-31F613C3863F}.Release|iPhoneSimulator.Deploy.0 = Release|Any CPU
		{CB328F1A-0E22-4A71-AEA6-31F613C3863F}.Release|x64.ActiveCfg = Release|Any CPU
		{CB328F1A-0E22-4A71-AEA6-31F613C3863F}.Release|x64.Build.0 = Release|Any CPU
		{CB328F1A-0E22-4A71-AEA6-31F613C3863F}.Release|x64.Deploy.0 = Release|Any CPU
		{CB328F1A-0E22-4A71-AEA6-31F613C3863F}.Release|x86.ActiveCfg = Release|Any CPU
		{CB328F1A-0E22-4A71-AEA6-31F613C3863F}.Release|x86.Build.0 = Release|Any CPU
		{CB328F1A-0E22-4A71-AEA6-31F613C3863F}.Release|x86.Deploy.0 = Release|Any CPU
		{0CB4D0F8-7880-4F99-A6B0-CE4266C2EB7D}.Ad-Hoc|Any CPU.ActiveCfg = Release|Any CPU
		{0CB4D0F8-7880-4F99-A6B0-CE4266C2EB7D}.Ad-Hoc|Any CPU.Build.0 = Release|Any CPU
		{0CB4D0F8-7880-4F99-A6B0-CE4266C2EB7D}.Ad-Hoc|ARM.ActiveCfg = Release|Any CPU
		{0CB4D0F8-7880-4F99-A6B0-CE4266C2EB7D}.Ad-Hoc|ARM.Build.0 = Release|Any CPU
		{0CB4D0F8-7880-4F99-A6B0-CE4266C2EB7D}.Ad-Hoc|iPhone.ActiveCfg = Release|Any CPU
		{0CB4D0F8-7880-4F99-A6B0-CE4266C2EB7D}.Ad-Hoc|iPhone.Build.0 = Release|Any CPU
		{0CB4D0F8-7880-4F99-A6B0-CE4266C2EB7D}.Ad-Hoc|iPhoneSimulator.ActiveCfg = Release|Any CPU
		{0CB4D0F8-7880-4F99-A6B0-CE4266C2EB7D}.Ad-Hoc|iPhoneSimulator.Build.0 = Release|Any CPU
		{0CB4D0F8-7880-4F99-A6B0-CE4266C2EB7D}.Ad-Hoc|x64.ActiveCfg = Release|Any CPU
		{0CB4D0F8-7880-4F99-A6B0-CE4266C2EB7D}.Ad-Hoc|x64.Build.0 = Release|Any CPU
		{0CB4D0F8-7880-4F99-A6B0-CE4266C2EB7D}.Ad-Hoc|x86.ActiveCfg = Release|Any CPU
		{0CB4D0F8-7880-4F99-A6B0-CE4266C2EB7D}.Ad-Hoc|x86.Build.0 = Release|Any CPU
		{0CB4D0F8-7880-4F99-A6B0-CE4266C2EB7D}.AppStore|Any CPU.ActiveCfg = Release|Any CPU
		{0CB4D0F8-7880-4F99-A6B0-CE4266C2EB7D}.AppStore|Any CPU.Build.0 = Release|Any CPU
		{0CB4D0F8-7880-4F99-A6B0-CE4266C2EB7D}.AppStore|ARM.ActiveCfg = Release|Any CPU
		{0CB4D0F8-7880-4F99-A6B0-CE4266C2EB7D}.AppStore|ARM.Build.0 = Release|Any CPU
		{0CB4D0F8-7880-4F99-A6B0-CE4266C2EB7D}.AppStore|iPhone.ActiveCfg = Release|Any CPU
		{0CB4D0F8-7880-4F99-A6B0-CE4266C2EB7D}.AppStore|iPhone.Build.0 = Release|Any CPU
		{0CB4D0F8-7880-4F99-A6B0-CE4266C2EB7D}.AppStore|iPhoneSimulator.ActiveCfg = Release|Any CPU
		{0CB4D0F8-7880-4F99-A6B0-CE4266C2EB7D}.AppStore|iPhoneSimulator.Build.0 = Release|Any CPU
		{0CB4D0F8-7880-4F99-A6B0-CE4266C2EB7D}.AppStore|x64.ActiveCfg = Release|Any CPU
		{0CB4D0F8-7880-4F99-A6B0-CE4266C2EB7D}.AppStore|x64.Build.0 = Release|Any CPU
		{0CB4D0F8-7880-4F99-A6B0-CE4266C2EB7D}.AppStore|x86.ActiveCfg = Release|Any CPU
		{0CB4D0F8-7880-4F99-A6B0-CE4266C2EB7D}.AppStore|x86.Build.0 = Release|Any CPU
		{0CB4D0F8-7880-4F99-A6B0-CE4266C2EB7D}.Debug|Any CPU.ActiveCfg = Debug|Any CPU
		{0CB4D0F8-7880-4F99-A6B0-CE4266C2EB7D}.Debug|Any CPU.Build.0 = Debug|Any CPU
		{0CB4D0F8-7880-4F99-A6B0-CE4266C2EB7D}.Debug|ARM.ActiveCfg = Debug|Any CPU
		{0CB4D0F8-7880-4F99-A6B0-CE4266C2EB7D}.Debug|ARM.Build.0 = Debug|Any CPU
		{0CB4D0F8-7880-4F99-A6B0-CE4266C2EB7D}.Debug|iPhone.ActiveCfg = Debug|Any CPU
		{0CB4D0F8-7880-4F99-A6B0-CE4266C2EB7D}.Debug|iPhone.Build.0 = Debug|Any CPU
		{0CB4D0F8-7880-4F99-A6B0-CE4266C2EB7D}.Debug|iPhoneSimulator.ActiveCfg = Debug|Any CPU
		{0CB4D0F8-7880-4F99-A6B0-CE4266C2EB7D}.Debug|iPhoneSimulator.Build.0 = Debug|Any CPU
		{0CB4D0F8-7880-4F99-A6B0-CE4266C2EB7D}.Debug|x64.ActiveCfg = Debug|Any CPU
		{0CB4D0F8-7880-4F99-A6B0-CE4266C2EB7D}.Debug|x64.Build.0 = Debug|Any CPU
		{0CB4D0F8-7880-4F99-A6B0-CE4266C2EB7D}.Debug|x86.ActiveCfg = Debug|Any CPU
		{0CB4D0F8-7880-4F99-A6B0-CE4266C2EB7D}.Debug|x86.Build.0 = Debug|Any CPU
		{0CB4D0F8-7880-4F99-A6B0-CE4266C2EB7D}.Release|Any CPU.ActiveCfg = Release|Any CPU
		{0CB4D0F8-7880-4F99-A6B0-CE4266C2EB7D}.Release|Any CPU.Build.0 = Release|Any CPU
		{0CB4D0F8-7880-4F99-A6B0-CE4266C2EB7D}.Release|ARM.ActiveCfg = Release|Any CPU
		{0CB4D0F8-7880-4F99-A6B0-CE4266C2EB7D}.Release|ARM.Build.0 = Release|Any CPU
		{0CB4D0F8-7880-4F99-A6B0-CE4266C2EB7D}.Release|iPhone.ActiveCfg = Release|Any CPU
		{0CB4D0F8-7880-4F99-A6B0-CE4266C2EB7D}.Release|iPhone.Build.0 = Release|Any CPU
		{0CB4D0F8-7880-4F99-A6B0-CE4266C2EB7D}.Release|iPhoneSimulator.ActiveCfg = Release|Any CPU
		{0CB4D0F8-7880-4F99-A6B0-CE4266C2EB7D}.Release|iPhoneSimulator.Build.0 = Release|Any CPU
		{0CB4D0F8-7880-4F99-A6B0-CE4266C2EB7D}.Release|x64.ActiveCfg = Release|Any CPU
		{0CB4D0F8-7880-4F99-A6B0-CE4266C2EB7D}.Release|x64.Build.0 = Release|Any CPU
		{0CB4D0F8-7880-4F99-A6B0-CE4266C2EB7D}.Release|x86.ActiveCfg = Release|Any CPU
		{0CB4D0F8-7880-4F99-A6B0-CE4266C2EB7D}.Release|x86.Build.0 = Release|Any CPU
		{F40E2F20-A1FD-45B1-9E81-9E11E83BB9CE}.Ad-Hoc|Any CPU.ActiveCfg = Release|x86
		{F40E2F20-A1FD-45B1-9E81-9E11E83BB9CE}.Ad-Hoc|Any CPU.Build.0 = Release|x86
		{F40E2F20-A1FD-45B1-9E81-9E11E83BB9CE}.Ad-Hoc|Any CPU.Deploy.0 = Release|x86
		{F40E2F20-A1FD-45B1-9E81-9E11E83BB9CE}.Ad-Hoc|ARM.ActiveCfg = Release|ARM
		{F40E2F20-A1FD-45B1-9E81-9E11E83BB9CE}.Ad-Hoc|ARM.Build.0 = Release|ARM
		{F40E2F20-A1FD-45B1-9E81-9E11E83BB9CE}.Ad-Hoc|ARM.Deploy.0 = Release|ARM
		{F40E2F20-A1FD-45B1-9E81-9E11E83BB9CE}.Ad-Hoc|iPhone.ActiveCfg = Release|x86
		{F40E2F20-A1FD-45B1-9E81-9E11E83BB9CE}.Ad-Hoc|iPhone.Build.0 = Release|x86
		{F40E2F20-A1FD-45B1-9E81-9E11E83BB9CE}.Ad-Hoc|iPhone.Deploy.0 = Release|x86
		{F40E2F20-A1FD-45B1-9E81-9E11E83BB9CE}.Ad-Hoc|iPhoneSimulator.ActiveCfg = Release|x86
		{F40E2F20-A1FD-45B1-9E81-9E11E83BB9CE}.Ad-Hoc|iPhoneSimulator.Build.0 = Release|x86
		{F40E2F20-A1FD-45B1-9E81-9E11E83BB9CE}.Ad-Hoc|iPhoneSimulator.Deploy.0 = Release|x86
		{F40E2F20-A1FD-45B1-9E81-9E11E83BB9CE}.Ad-Hoc|x64.ActiveCfg = Release|x64
		{F40E2F20-A1FD-45B1-9E81-9E11E83BB9CE}.Ad-Hoc|x64.Build.0 = Release|x64
		{F40E2F20-A1FD-45B1-9E81-9E11E83BB9CE}.Ad-Hoc|x64.Deploy.0 = Release|x64
		{F40E2F20-A1FD-45B1-9E81-9E11E83BB9CE}.Ad-Hoc|x86.ActiveCfg = Release|x86
		{F40E2F20-A1FD-45B1-9E81-9E11E83BB9CE}.Ad-Hoc|x86.Build.0 = Release|x86
		{F40E2F20-A1FD-45B1-9E81-9E11E83BB9CE}.Ad-Hoc|x86.Deploy.0 = Release|x86
		{F40E2F20-A1FD-45B1-9E81-9E11E83BB9CE}.AppStore|Any CPU.ActiveCfg = Release|x86
		{F40E2F20-A1FD-45B1-9E81-9E11E83BB9CE}.AppStore|Any CPU.Build.0 = Release|x86
		{F40E2F20-A1FD-45B1-9E81-9E11E83BB9CE}.AppStore|Any CPU.Deploy.0 = Release|x86
		{F40E2F20-A1FD-45B1-9E81-9E11E83BB9CE}.AppStore|ARM.ActiveCfg = Release|ARM
		{F40E2F20-A1FD-45B1-9E81-9E11E83BB9CE}.AppStore|ARM.Build.0 = Release|ARM
		{F40E2F20-A1FD-45B1-9E81-9E11E83BB9CE}.AppStore|ARM.Deploy.0 = Release|ARM
		{F40E2F20-A1FD-45B1-9E81-9E11E83BB9CE}.AppStore|iPhone.ActiveCfg = Release|x86
		{F40E2F20-A1FD-45B1-9E81-9E11E83BB9CE}.AppStore|iPhone.Build.0 = Release|x86
		{F40E2F20-A1FD-45B1-9E81-9E11E83BB9CE}.AppStore|iPhone.Deploy.0 = Release|x86
		{F40E2F20-A1FD-45B1-9E81-9E11E83BB9CE}.AppStore|iPhoneSimulator.ActiveCfg = Release|x86
		{F40E2F20-A1FD-45B1-9E81-9E11E83BB9CE}.AppStore|iPhoneSimulator.Build.0 = Release|x86
		{F40E2F20-A1FD-45B1-9E81-9E11E83BB9CE}.AppStore|iPhoneSimulator.Deploy.0 = Release|x86
		{F40E2F20-A1FD-45B1-9E81-9E11E83BB9CE}.AppStore|x64.ActiveCfg = Release|x64
		{F40E2F20-A1FD-45B1-9E81-9E11E83BB9CE}.AppStore|x64.Build.0 = Release|x64
		{F40E2F20-A1FD-45B1-9E81-9E11E83BB9CE}.AppStore|x64.Deploy.0 = Release|x64
		{F40E2F20-A1FD-45B1-9E81-9E11E83BB9CE}.AppStore|x86.ActiveCfg = Release|x86
		{F40E2F20-A1FD-45B1-9E81-9E11E83BB9CE}.AppStore|x86.Build.0 = Release|x86
		{F40E2F20-A1FD-45B1-9E81-9E11E83BB9CE}.AppStore|x86.Deploy.0 = Release|x86
		{F40E2F20-A1FD-45B1-9E81-9E11E83BB9CE}.Debug|Any CPU.ActiveCfg = Debug|x86
		{F40E2F20-A1FD-45B1-9E81-9E11E83BB9CE}.Debug|ARM.ActiveCfg = Debug|ARM
		{F40E2F20-A1FD-45B1-9E81-9E11E83BB9CE}.Debug|ARM.Build.0 = Debug|ARM
		{F40E2F20-A1FD-45B1-9E81-9E11E83BB9CE}.Debug|ARM.Deploy.0 = Debug|ARM
		{F40E2F20-A1FD-45B1-9E81-9E11E83BB9CE}.Debug|iPhone.ActiveCfg = Debug|x86
		{F40E2F20-A1FD-45B1-9E81-9E11E83BB9CE}.Debug|iPhoneSimulator.ActiveCfg = Debug|x86
		{F40E2F20-A1FD-45B1-9E81-9E11E83BB9CE}.Debug|x64.ActiveCfg = Debug|x64
		{F40E2F20-A1FD-45B1-9E81-9E11E83BB9CE}.Debug|x64.Build.0 = Debug|x64
		{F40E2F20-A1FD-45B1-9E81-9E11E83BB9CE}.Debug|x64.Deploy.0 = Debug|x64
		{F40E2F20-A1FD-45B1-9E81-9E11E83BB9CE}.Debug|x86.ActiveCfg = Debug|x86
		{F40E2F20-A1FD-45B1-9E81-9E11E83BB9CE}.Debug|x86.Build.0 = Debug|x86
		{F40E2F20-A1FD-45B1-9E81-9E11E83BB9CE}.Debug|x86.Deploy.0 = Debug|x86
		{F40E2F20-A1FD-45B1-9E81-9E11E83BB9CE}.Release|Any CPU.ActiveCfg = Release|x86
		{F40E2F20-A1FD-45B1-9E81-9E11E83BB9CE}.Release|ARM.ActiveCfg = Release|ARM
		{F40E2F20-A1FD-45B1-9E81-9E11E83BB9CE}.Release|ARM.Build.0 = Release|ARM
		{F40E2F20-A1FD-45B1-9E81-9E11E83BB9CE}.Release|ARM.Deploy.0 = Release|ARM
		{F40E2F20-A1FD-45B1-9E81-9E11E83BB9CE}.Release|iPhone.ActiveCfg = Release|x86
		{F40E2F20-A1FD-45B1-9E81-9E11E83BB9CE}.Release|iPhoneSimulator.ActiveCfg = Release|x86
		{F40E2F20-A1FD-45B1-9E81-9E11E83BB9CE}.Release|x64.ActiveCfg = Release|x64
		{F40E2F20-A1FD-45B1-9E81-9E11E83BB9CE}.Release|x64.Build.0 = Release|x64
		{F40E2F20-A1FD-45B1-9E81-9E11E83BB9CE}.Release|x64.Deploy.0 = Release|x64
		{F40E2F20-A1FD-45B1-9E81-9E11E83BB9CE}.Release|x86.ActiveCfg = Release|x86
		{F40E2F20-A1FD-45B1-9E81-9E11E83BB9CE}.Release|x86.Build.0 = Release|x86
		{F40E2F20-A1FD-45B1-9E81-9E11E83BB9CE}.Release|x86.Deploy.0 = Release|x86
		{71D6514C-1362-4CBC-9E58-301D8354556D}.Ad-Hoc|Any CPU.ActiveCfg = Ad-Hoc|iPhone
		{71D6514C-1362-4CBC-9E58-301D8354556D}.Ad-Hoc|ARM.ActiveCfg = Ad-Hoc|iPhone
		{71D6514C-1362-4CBC-9E58-301D8354556D}.Ad-Hoc|iPhone.ActiveCfg = Ad-Hoc|iPhone
		{71D6514C-1362-4CBC-9E58-301D8354556D}.Ad-Hoc|iPhone.Build.0 = Ad-Hoc|iPhone
		{71D6514C-1362-4CBC-9E58-301D8354556D}.Ad-Hoc|iPhoneSimulator.ActiveCfg = Ad-Hoc|iPhoneSimulator
		{71D6514C-1362-4CBC-9E58-301D8354556D}.Ad-Hoc|iPhoneSimulator.Build.0 = Ad-Hoc|iPhoneSimulator
		{71D6514C-1362-4CBC-9E58-301D8354556D}.Ad-Hoc|x64.ActiveCfg = Ad-Hoc|iPhone
		{71D6514C-1362-4CBC-9E58-301D8354556D}.Ad-Hoc|x86.ActiveCfg = Ad-Hoc|iPhone
		{71D6514C-1362-4CBC-9E58-301D8354556D}.AppStore|Any CPU.ActiveCfg = AppStore|iPhone
		{71D6514C-1362-4CBC-9E58-301D8354556D}.AppStore|ARM.ActiveCfg = AppStore|iPhone
		{71D6514C-1362-4CBC-9E58-301D8354556D}.AppStore|iPhone.ActiveCfg = AppStore|iPhone
		{71D6514C-1362-4CBC-9E58-301D8354556D}.AppStore|iPhone.Build.0 = AppStore|iPhone
		{71D6514C-1362-4CBC-9E58-301D8354556D}.AppStore|iPhoneSimulator.ActiveCfg = AppStore|iPhoneSimulator
		{71D6514C-1362-4CBC-9E58-301D8354556D}.AppStore|iPhoneSimulator.Build.0 = AppStore|iPhoneSimulator
		{71D6514C-1362-4CBC-9E58-301D8354556D}.AppStore|x64.ActiveCfg = AppStore|iPhone
		{71D6514C-1362-4CBC-9E58-301D8354556D}.AppStore|x86.ActiveCfg = AppStore|iPhone
		{71D6514C-1362-4CBC-9E58-301D8354556D}.Debug|Any CPU.ActiveCfg = Debug|iPhone
		{71D6514C-1362-4CBC-9E58-301D8354556D}.Debug|ARM.ActiveCfg = Debug|iPhone
		{71D6514C-1362-4CBC-9E58-301D8354556D}.Debug|iPhone.ActiveCfg = Debug|iPhone
		{71D6514C-1362-4CBC-9E58-301D8354556D}.Debug|iPhone.Build.0 = Debug|iPhone
		{71D6514C-1362-4CBC-9E58-301D8354556D}.Debug|iPhoneSimulator.ActiveCfg = Debug|iPhoneSimulator
		{71D6514C-1362-4CBC-9E58-301D8354556D}.Debug|iPhoneSimulator.Build.0 = Debug|iPhoneSimulator
		{71D6514C-1362-4CBC-9E58-301D8354556D}.Debug|x64.ActiveCfg = Debug|iPhone
		{71D6514C-1362-4CBC-9E58-301D8354556D}.Debug|x86.ActiveCfg = Debug|iPhone
		{71D6514C-1362-4CBC-9E58-301D8354556D}.Release|Any CPU.ActiveCfg = Release|iPhone
		{71D6514C-1362-4CBC-9E58-301D8354556D}.Release|ARM.ActiveCfg = Release|iPhone
		{71D6514C-1362-4CBC-9E58-301D8354556D}.Release|iPhone.ActiveCfg = Release|iPhone
		{71D6514C-1362-4CBC-9E58-301D8354556D}.Release|iPhone.Build.0 = Release|iPhone
		{71D6514C-1362-4CBC-9E58-301D8354556D}.Release|iPhoneSimulator.ActiveCfg = Release|iPhoneSimulator
		{71D6514C-1362-4CBC-9E58-301D8354556D}.Release|iPhoneSimulator.Build.0 = Release|iPhoneSimulator
		{71D6514C-1362-4CBC-9E58-301D8354556D}.Release|x64.ActiveCfg = Release|iPhone
		{71D6514C-1362-4CBC-9E58-301D8354556D}.Release|x86.ActiveCfg = Release|iPhone
	EndGlobalSection
	GlobalSection(SolutionProperties) = preSolution
		HideSolutionNode = FALSE
	EndGlobalSection
EndGlobal
